
Microsoft Visual Studio Solution File, Format Version 12.00
# Visual Studio Version 17
VisualStudioVersion = 17.9.34728.123
MinimumVisualStudioVersion = 10.0.40219.1
Project("{FAE04EC0-301F-11D3-BF4B-00C04F79EFBC}") = "serie.de.fibonacci", "serie.de.fibonacci\serie.de.fibonacci.csproj", "{16BB368E-3D12-49EA-9290-51ACE4B246B5}"
EndProject
Global
	GlobalSection(SolutionConfigurationPlatforms) = preSolution
		Debug|Any CPU = Debug|Any CPU
		Release|Any CPU = Release|Any CPU
	EndGlobalSection
	GlobalSection(ProjectConfigurationPlatforms) = postSolution
		{16BB368E-3D12-49EA-9290-51ACE4B246B5}.Debug|Any CPU.ActiveCfg = Debug|Any CPU
		{16BB368E-3D12-49EA-9290-51ACE4B246B5}.Debug|Any CPU.Build.0 = Debug|Any CPU
		{16BB368E-3D12-49EA-9290-51ACE4B246B5}.Release|Any CPU.ActiveCfg = Release|Any CPU
		{16BB368E-3D12-49EA-9290-51ACE4B246B5}.Release|Any CPU.Build.0 = Release|Any CPU
	EndGlobalSection
	GlobalSection(SolutionProperties) = preSolution
		HideSolutionNode = FALSE
	EndGlobalSection
	GlobalSection(ExtensibilityGlobals) = postSolution
		SolutionGuid = {0ACC95AF-F125-4CAA-8474-1B2E7CC0E8EA}
	EndGlobalSection
EndGlobal
